
Microsoft Visual Studio Solution File, Format Version 12.00
# Visual Studio 14
VisualStudioVersion = 14.0.25420.1
MinimumVisualStudioVersion = 10.0.40219.1
Project("{FAE04EC0-301F-11D3-BF4B-00C04F79EFBC}") = "GigHub", "GigHub\GigHub.csproj", "{4BAF7110-25FA-4441-89D4-8DCDB0679E6A}"
EndProject
Project("{2150E333-8FDC-42A3-9474-1A3956D46DE8}") = "Solution Items", "Solution Items", "{E1ECE837-E2CA-43F4-9399-D9E5C158E8CC}"
	ProjectSection(SolutionItems) = preProject
		WebEssentials2015-Settings.json = WebEssentials2015-Settings.json
	EndProjectSection
EndProject
Project("{FAE04EC0-301F-11D3-BF4B-00C04F79EFBC}") = "GigHub.Tests", "GigHub.Tests\GigHub.Tests.csproj", "{6225E168-1C2B-49C4-8C5C-16977FF01932}"
EndProject
Project("{FAE04EC0-301F-11D3-BF4B-00C04F79EFBC}") = "GigHub.IntegrationTests", "GigHub.IntegrationTests\GigHub.IntegrationTests.csproj", "{896A8C0E-89DF-40BF-9A1A-252C1CCB8D49}"
EndProject
Global
	GlobalSection(SolutionConfigurationPlatforms) = preSolution
		Debug|Any CPU = Debug|Any CPU
		Release|Any CPU = Release|Any CPU
	EndGlobalSection
	GlobalSection(ProjectConfigurationPlatforms) = postSolution
		{4BAF7110-25FA-4441-89D4-8DCDB0679E6A}.Debug|Any CPU.ActiveCfg = Debug|Any CPU
		{4BAF7110-25FA-4441-89D4-8DCDB0679E6A}.Debug|Any CPU.Build.0 = Debug|Any CPU
		{4BAF7110-25FA-4441-89D4-8DCDB0679E6A}.Release|Any CPU.ActiveCfg = Release|Any CPU
		{4BAF7110-25FA-4441-89D4-8DCDB0679E6A}.Release|Any CPU.Build.0 = Release|Any CPU
		{6225E168-1C2B-49C4-8C5C-16977FF01932}.Debug|Any CPU.ActiveCfg = Debug|Any CPU
		{6225E168-1C2B-49C4-8C5C-16977FF01932}.Debug|Any CPU.Build.0 = Debug|Any CPU
		{6225E168-1C2B-49C4-8C5C-16977FF01932}.Release|Any CPU.ActiveCfg = Release|Any CPU
		{6225E168-1C2B-49C4-8C5C-16977FF01932}.Release|Any CPU.Build.0 = Release|Any CPU
		{896A8C0E-89DF-40BF-9A1A-252C1CCB8D49}.Debug|Any CPU.ActiveCfg = Debug|Any CPU
		{896A8C0E-89DF-40BF-9A1A-252C1CCB8D49}.Debug|Any CPU.Build.0 = Debug|Any CPU
		{896A8C0E-89DF-40BF-9A1A-252C1CCB8D49}.Release|Any CPU.ActiveCfg = Release|Any CPU
		{896A8C0E-89DF-40BF-9A1A-252C1CCB8D49}.Release|Any CPU.Build.0 = Release|Any CPU
	EndGlobalSection
	GlobalSection(SolutionProperties) = preSolution
		HideSolutionNode = FALSE
	EndGlobalSection
	GlobalSection(ExtensibilityGlobals) = postSolution
		LessCompiler = 4baf7110-25fa-4441-89d4-8dcdb0679e6a
	EndGlobalSection
EndGlobal
